
Microsoft Visual Studio Solution File, Format Version 12.00
# Visual Studio Version 17
VisualStudioVersion = 17.11.35327.3
MinimumVisualStudioVersion = 10.0.40219.1
Project("{FAE04EC0-301F-11D3-BF4B-00C04F79EFBC}") = "HardwareMonitoring", "HardwareMonitoring\HardwareMonitoring.csproj", "{4B736B6B-0A19-45E9-B372-2ED87E93B936}"
EndProject
Global
	GlobalSection(SolutionConfigurationPlatforms) = preSolution
		Debug|Any CPU = Debug|Any CPU
		Debug|x64 = Debug|x64
		Release|Any CPU = Release|Any CPU
		Release|x64 = Release|x64
		test|Any CPU = test|Any CPU
		test|x64 = test|x64
	EndGlobalSection
	GlobalSection(ProjectConfigurationPlatforms) = postSolution
		{4B736B6B-0A19-45E9-B372-2ED87E93B936}.Debug|Any CPU.ActiveCfg = Debug|Any CPU
		{4B736B6B-0A19-45E9-B372-2ED87E93B936}.Debug|Any CPU.Build.0 = Debug|Any CPU
		{4B736B6B-0A19-45E9-B372-2ED87E93B936}.Debug|x64.ActiveCfg = Debug|x64
		{4B736B6B-0A19-45E9-B372-2ED87E93B936}.Debug|x64.Build.0 = Debug|x64
		{4B736B6B-0A19-45E9-B372-2ED87E93B936}.Release|Any CPU.ActiveCfg = Release|Any CPU
		{4B736B6B-0A19-45E9-B372-2ED87E93B936}.Release|Any CPU.Build.0 = Release|Any CPU
		{4B736B6B-0A19-45E9-B372-2ED87E93B936}.Release|x64.ActiveCfg = Release|x64
		{4B736B6B-0A19-45E9-B372-2ED87E93B936}.Release|x64.Build.0 = Release|x64
		{4B736B6B-0A19-45E9-B372-2ED87E93B936}.test|Any CPU.ActiveCfg = test|Any CPU
		{4B736B6B-0A19-45E9-B372-2ED87E93B936}.test|Any CPU.Build.0 = test|Any CPU
		{4B736B6B-0A19-45E9-B372-2ED87E93B936}.test|x64.ActiveCfg = test|x64
		{4B736B6B-0A19-45E9-B372-2ED87E93B936}.test|x64.Build.0 = test|x64
	EndGlobalSection
	GlobalSection(SolutionProperties) = preSolution
		HideSolutionNode = FALSE
	EndGlobalSection
	GlobalSection(ExtensibilityGlobals) = postSolution
		SolutionGuid = {B0010C52-13F4-4772-93EC-7063D85662E7}
	EndGlobalSection
EndGlobal
